
Microsoft Visual Studio Solution File, Format Version 12.00
# Visual Studio Version 16
VisualStudioVersion = 16.0.30225.117
MinimumVisualStudioVersion = 10.0.40219.1
Project("{2150E333-8FDC-42A3-9474-1A3956D46DE8}") = "Test", "Test", "{5FA9726B-AB9C-4729-A402-CA4D6FCF49D3}"
EndProject
Project("{FAE04EC0-301F-11D3-BF4B-00C04F79EFBC}") = "Testing.Test", "Testing.Test\Testing.Test.csproj", "{F919F2A7-C9A8-409A-B543-411B00D222B9}"
EndProject
Global
	GlobalSection(SolutionConfigurationPlatforms) = preSolution
		Debug|Any CPU = Debug|Any CPU
		Release|Any CPU = Release|Any CPU
	EndGlobalSection
	GlobalSection(ProjectConfigurationPlatforms) = postSolution
		{F919F2A7-C9A8-409A-B543-411B00D222B9}.Debug|Any CPU.ActiveCfg = Debug|Any CPU
		{F919F2A7-C9A8-409A-B543-411B00D222B9}.Debug|Any CPU.Build.0 = Debug|Any CPU
		{F919F2A7-C9A8-409A-B543-411B00D222B9}.Release|Any CPU.ActiveCfg = Release|Any CPU
		{F919F2A7-C9A8-409A-B543-411B00D222B9}.Release|Any CPU.Build.0 = Release|Any CPU
	EndGlobalSection
	GlobalSection(SolutionProperties) = preSolution
		HideSolutionNode = FALSE
	EndGlobalSection
	GlobalSection(NestedProjects) = preSolution
		{F919F2A7-C9A8-409A-B543-411B00D222B9} = {5FA9726B-AB9C-4729-A402-CA4D6FCF49D3}
	EndGlobalSection
	GlobalSection(ExtensibilityGlobals) = postSolution
		SolutionGuid = {54B63C8A-549D-464D-B799-64B98202CBA3}
	EndGlobalSection
EndGlobal
